
Microsoft Visual Studio Solution File, Format Version 12.00
# Visual Studio 2012
Project("{2150E333-8FDC-42A3-9474-1A3956D46DE8}") = "Notes", "Notes", "{452DE0BE-83F9-455D-B6CD-241E37E78CB2}"
	ProjectSection(SolutionItems) = preProject
		Notes\Editor.txt = Notes\Editor.txt
	EndProjectSection
EndProject
Project("{FAE04EC0-301F-11D3-BF4B-00C04F79EFBC}") = "TinkerWorX.SharpCraft.Launcher", "TinkerWorX.SharpCraft.Launcher\TinkerWorX.SharpCraft.Launcher.csproj", "{F304FC92-805A-487B-B47B-5C9378269E21}"
EndProject
Project("{FAE04EC0-301F-11D3-BF4B-00C04F79EFBC}") = "TinkerWorX.SharpCraft", "TinkerWorX.SharpCraft\TinkerWorX.SharpCraft.csproj", "{9D3B4267-60FA-4CDE-BECD-0B97A9F4ED7B}"
EndProject
Global
	GlobalSection(SolutionConfigurationPlatforms) = preSolution
		Debug|Any CPU = Debug|Any CPU
		Release|Any CPU = Release|Any CPU
	EndGlobalSection
	GlobalSection(ProjectConfigurationPlatforms) = postSolution
		{F304FC92-805A-487B-B47B-5C9378269E21}.Debug|Any CPU.ActiveCfg = Debug|Any CPU
		{F304FC92-805A-487B-B47B-5C9378269E21}.Debug|Any CPU.Build.0 = Debug|Any CPU
		{F304FC92-805A-487B-B47B-5C9378269E21}.Release|Any CPU.ActiveCfg = Release|Any CPU
		{F304FC92-805A-487B-B47B-5C9378269E21}.Release|Any CPU.Build.0 = Release|Any CPU
		{9D3B4267-60FA-4CDE-BECD-0B97A9F4ED7B}.Debug|Any CPU.ActiveCfg = Debug|Any CPU
		{9D3B4267-60FA-4CDE-BECD-0B97A9F4ED7B}.Debug|Any CPU.Build.0 = Debug|Any CPU
		{9D3B4267-60FA-4CDE-BECD-0B97A9F4ED7B}.Release|Any CPU.ActiveCfg = Release|Any CPU
		{9D3B4267-60FA-4CDE-BECD-0B97A9F4ED7B}.Release|Any CPU.Build.0 = Release|Any CPU
	EndGlobalSection
	GlobalSection(SolutionProperties) = preSolution
		HideSolutionNode = FALSE
	EndGlobalSection
EndGlobal
