
Microsoft Visual Studio Solution File, Format Version 12.00
# Visual Studio 2012
Project("{FAE04EC0-301F-11D3-BF4B-00C04F79EFBC}") = "TinkerWorX.SharpCraft", "TinkerWorX.SharpCraft\TinkerWorX.SharpCraft.csproj", "{7517DB06-09EF-4299-8489-3328D1E35D4B}"
EndProject
Project("{FAE04EC0-301F-11D3-BF4B-00C04F79EFBC}") = "TinkerWorX.SharpCraft.Core", "TinkerWorX.SharpCraft.Core\TinkerWorX.SharpCraft.Core.csproj", "{156E24B3-3E07-4A94-973C-4F398AD70D4A}"
EndProject
Project("{FAE04EC0-301F-11D3-BF4B-00C04F79EFBC}") = "TinkerWorX.SharpCraft.Editor", "TinkerWorX.SharpCraft.Editor\TinkerWorX.SharpCraft.Editor.csproj", "{DF4B2987-3157-4EA0-9B57-FF3027939EEE}"
EndProject
Project("{FAE04EC0-301F-11D3-BF4B-00C04F79EFBC}") = "TinkerWorX.SharpCraft.Game", "TinkerWorX.SharpCraft.Game\TinkerWorX.SharpCraft.Game.csproj", "{AACECE4B-D389-4211-AE0A-1DCD95799DB3}"
EndProject
Project("{2150E333-8FDC-42A3-9474-1A3956D46DE8}") = "Notes", "Notes", "{452DE0BE-83F9-455D-B6CD-241E37E78CB2}"
	ProjectSection(SolutionItems) = preProject
		Notes\Editor.txt = Notes\Editor.txt
	EndProjectSection
EndProject
Project("{2150E333-8FDC-42A3-9474-1A3956D46DE8}") = "Assemblies", "Assemblies", "{69510952-1761-4F32-B76B-43A660281EAD}"
	ProjectSection(SolutionItems) = preProject
		Assemblies\EasyHook.dll = Assemblies\EasyHook.dll
	EndProjectSection
EndProject
Project("{FAE04EC0-301F-11D3-BF4B-00C04F79EFBC}") = "Lidgren.Network", "Lidgren.Network\Lidgren.Network.csproj", "{49BA1C69-6104-41AC-A5D8-B54FA9F696E8}"
EndProject
Global
	GlobalSection(SolutionConfigurationPlatforms) = preSolution
		Debug|Any CPU = Debug|Any CPU
		Release|Any CPU = Release|Any CPU
	EndGlobalSection
	GlobalSection(ProjectConfigurationPlatforms) = postSolution
		{7517DB06-09EF-4299-8489-3328D1E35D4B}.Debug|Any CPU.ActiveCfg = Debug|Any CPU
		{7517DB06-09EF-4299-8489-3328D1E35D4B}.Debug|Any CPU.Build.0 = Debug|Any CPU
		{7517DB06-09EF-4299-8489-3328D1E35D4B}.Release|Any CPU.ActiveCfg = Release|Any CPU
		{7517DB06-09EF-4299-8489-3328D1E35D4B}.Release|Any CPU.Build.0 = Release|Any CPU
		{156E24B3-3E07-4A94-973C-4F398AD70D4A}.Debug|Any CPU.ActiveCfg = Debug|Any CPU
		{156E24B3-3E07-4A94-973C-4F398AD70D4A}.Debug|Any CPU.Build.0 = Debug|Any CPU
		{156E24B3-3E07-4A94-973C-4F398AD70D4A}.Release|Any CPU.ActiveCfg = Release|Any CPU
		{156E24B3-3E07-4A94-973C-4F398AD70D4A}.Release|Any CPU.Build.0 = Release|Any CPU
		{DF4B2987-3157-4EA0-9B57-FF3027939EEE}.Debug|Any CPU.ActiveCfg = Debug|Any CPU
		{DF4B2987-3157-4EA0-9B57-FF3027939EEE}.Debug|Any CPU.Build.0 = Debug|Any CPU
		{DF4B2987-3157-4EA0-9B57-FF3027939EEE}.Release|Any CPU.ActiveCfg = Release|Any CPU
		{DF4B2987-3157-4EA0-9B57-FF3027939EEE}.Release|Any CPU.Build.0 = Release|Any CPU
		{AACECE4B-D389-4211-AE0A-1DCD95799DB3}.Debug|Any CPU.ActiveCfg = Debug|Any CPU
		{AACECE4B-D389-4211-AE0A-1DCD95799DB3}.Debug|Any CPU.Build.0 = Debug|Any CPU
		{AACECE4B-D389-4211-AE0A-1DCD95799DB3}.Release|Any CPU.ActiveCfg = Release|Any CPU
		{AACECE4B-D389-4211-AE0A-1DCD95799DB3}.Release|Any CPU.Build.0 = Release|Any CPU
		{49BA1C69-6104-41AC-A5D8-B54FA9F696E8}.Debug|Any CPU.ActiveCfg = Debug|Any CPU
		{49BA1C69-6104-41AC-A5D8-B54FA9F696E8}.Debug|Any CPU.Build.0 = Debug|Any CPU
		{49BA1C69-6104-41AC-A5D8-B54FA9F696E8}.Release|Any CPU.ActiveCfg = Release|Any CPU
		{49BA1C69-6104-41AC-A5D8-B54FA9F696E8}.Release|Any CPU.Build.0 = Release|Any CPU
	EndGlobalSection
	GlobalSection(SolutionProperties) = preSolution
		HideSolutionNode = FALSE
	EndGlobalSection
EndGlobal
